<Solution>
  <Project Path="Aeroverra.Authentication.OAuth.Kick/Aeroverra.Authentication.OAuth.Kick.csproj" />
  <Project Path="Aeroverra.Authentication.OAuth.Aero/Aeroverra.Authentication.OAuth.Aero.csproj" />
  <Project Path="Aeroverra.Authentication.OpenIddict.Client.Kick/Aeroverra.Authentication.OpenIddict.Client.Kick.csproj" />
  <Project Path="Aeroverra.Authentication.OpenIddict.Client.Aero/Aeroverra.Authentication.OpenIddict.Client.Aero.csproj" />
  <Project Path="Aeroverra.Authentication.Tests/Aeroverra.Authentication.Tests.csproj" />
</Solution>
